
Microsoft Visual Studio Solution File, Format Version 12.00
# Visual Studio Version 17
VisualStudioVersion = 17.14.36401.2
MinimumVisualStudioVersion = 10.0.40219.1
Project("{FAE04EC0-301F-11D3-BF4B-00C04F79EFBC}") = "FSI.BusinessProcessManagement.Domain", "FSI.BusinessProcessManagement.Domain\FSI.BusinessProcessManagement.Domain.csproj", "{C76FD63A-24FB-4422-BB3E-ED85B9968BC9}"
EndProject
Project("{FAE04EC0-301F-11D3-BF4B-00C04F79EFBC}") = "FSI.BusinessProcessManagement.Application", "FSI.BusinessProcessManagement.Application\FSI.BusinessProcessManagement.Application.csproj", "{85428992-C80D-4326-8F3D-32F8BD631DFF}"
EndProject
Project("{FAE04EC0-301F-11D3-BF4B-00C04F79EFBC}") = "FSI.BusinessProcessManagement.Api", "FSI.BusinessProcessManagement.Api\FSI.BusinessProcessManagement.Api.csproj", "{925C9EF1-856F-4025-9E87-E3565AF3C11A}"
EndProject
Project("{FAE04EC0-301F-11D3-BF4B-00C04F79EFBC}") = "FSI.BusinessProcessManagement.Infrastructure", "FSI.BusinessProcessManagement.Infrastructure\FSI.BusinessProcessManagement.Infrastructure.csproj", "{D51597CB-7B01-7989-B9A7-630598FD7F4F}"
EndProject
Project("{FAE04EC0-301F-11D3-BF4B-00C04F79EFBC}") = "FSI.BusinessProcessManagement.UnitTests", "..\..\test\FSI.BusinessProcessManagement.UnitTest\FSI.BusinessProcessManagement.UnitTests.csproj", "{A2D4CB03-E3B9-4DB9-A5C8-FA5D47C9A64C}"
EndProject
Global
	GlobalSection(SolutionConfigurationPlatforms) = preSolution
		Debug|Any CPU = Debug|Any CPU
		Release|Any CPU = Release|Any CPU
	EndGlobalSection
	GlobalSection(ProjectConfigurationPlatforms) = postSolution
		{C76FD63A-24FB-4422-BB3E-ED85B9968BC9}.Debug|Any CPU.ActiveCfg = Debug|Any CPU
		{C76FD63A-24FB-4422-BB3E-ED85B9968BC9}.Debug|Any CPU.Build.0 = Debug|Any CPU
		{C76FD63A-24FB-4422-BB3E-ED85B9968BC9}.Release|Any CPU.ActiveCfg = Release|Any CPU
		{C76FD63A-24FB-4422-BB3E-ED85B9968BC9}.Release|Any CPU.Build.0 = Release|Any CPU
		{85428992-C80D-4326-8F3D-32F8BD631DFF}.Debug|Any CPU.ActiveCfg = Debug|Any CPU
		{85428992-C80D-4326-8F3D-32F8BD631DFF}.Debug|Any CPU.Build.0 = Debug|Any CPU
		{85428992-C80D-4326-8F3D-32F8BD631DFF}.Release|Any CPU.ActiveCfg = Release|Any CPU
		{85428992-C80D-4326-8F3D-32F8BD631DFF}.Release|Any CPU.Build.0 = Release|Any CPU
		{925C9EF1-856F-4025-9E87-E3565AF3C11A}.Debug|Any CPU.ActiveCfg = Debug|Any CPU
		{925C9EF1-856F-4025-9E87-E3565AF3C11A}.Debug|Any CPU.Build.0 = Debug|Any CPU
		{925C9EF1-856F-4025-9E87-E3565AF3C11A}.Release|Any CPU.ActiveCfg = Release|Any CPU
		{925C9EF1-856F-4025-9E87-E3565AF3C11A}.Release|Any CPU.Build.0 = Release|Any CPU
		{D51597CB-7B01-7989-B9A7-630598FD7F4F}.Debug|Any CPU.ActiveCfg = Debug|Any CPU
		{D51597CB-7B01-7989-B9A7-630598FD7F4F}.Debug|Any CPU.Build.0 = Debug|Any CPU
		{D51597CB-7B01-7989-B9A7-630598FD7F4F}.Release|Any CPU.ActiveCfg = Release|Any CPU
		{D51597CB-7B01-7989-B9A7-630598FD7F4F}.Release|Any CPU.Build.0 = Release|Any CPU
		{A2D4CB03-E3B9-4DB9-A5C8-FA5D47C9A64C}.Debug|Any CPU.ActiveCfg = Debug|Any CPU
		{A2D4CB03-E3B9-4DB9-A5C8-FA5D47C9A64C}.Debug|Any CPU.Build.0 = Debug|Any CPU
		{A2D4CB03-E3B9-4DB9-A5C8-FA5D47C9A64C}.Release|Any CPU.ActiveCfg = Release|Any CPU
		{A2D4CB03-E3B9-4DB9-A5C8-FA5D47C9A64C}.Release|Any CPU.Build.0 = Release|Any CPU
	EndGlobalSection
	GlobalSection(SolutionProperties) = preSolution
		HideSolutionNode = FALSE
	EndGlobalSection
	GlobalSection(ExtensibilityGlobals) = postSolution
		SolutionGuid = {4D460F10-246F-424F-8E54-628DB75876A9}
	EndGlobalSection
EndGlobal
